
Microsoft Visual Studio Solution File, Format Version 12.00
# Visual Studio 15
VisualStudioVersion = 15.0.26730.8
MinimumVisualStudioVersion = 10.0.40219.1
Project("{FAE04EC0-301F-11D3-BF4B-00C04F79EFBC}") = "HomeBuyingHelper", "HomeBuyingHelper\HomeBuyingHelper.csproj", "{C8C46047-A80C-43BC-830E-22D1D46B9554}"
EndProject
Global
	GlobalSection(SolutionConfigurationPlatforms) = preSolution
		Debug|Any CPU = Debug|Any CPU
		Release|Any CPU = Release|Any CPU
	EndGlobalSection
	GlobalSection(ProjectConfigurationPlatforms) = postSolution
		{C8C46047-A80C-43BC-830E-22D1D46B9554}.Debug|Any CPU.ActiveCfg = Debug|Any CPU
		{C8C46047-A80C-43BC-830E-22D1D46B9554}.Debug|Any CPU.Build.0 = Debug|Any CPU
		{C8C46047-A80C-43BC-830E-22D1D46B9554}.Release|Any CPU.ActiveCfg = Release|Any CPU
		{C8C46047-A80C-43BC-830E-22D1D46B9554}.Release|Any CPU.Build.0 = Release|Any CPU
	EndGlobalSection
	GlobalSection(SolutionProperties) = preSolution
		HideSolutionNode = FALSE
	EndGlobalSection
	GlobalSection(ExtensibilityGlobals) = postSolution
		SolutionGuid = {1C822423-32C3-4842-9304-72F02E9AFD84}
	EndGlobalSection
EndGlobal
